
Microsoft Visual Studio Solution File, Format Version 12.00
# Visual Studio Version 17
VisualStudioVersion = 17.7.34221.43
MinimumVisualStudioVersion = 10.0.40219.1
Project("{FAE04EC0-301F-11D3-BF4B-00C04F79EFBC}") = "Passengers", "Passengers.csproj", "{C526F607-B95F-49D9-ACE8-68EEF81B126E}"
EndProject
Global
	GlobalSection(SolutionConfigurationPlatforms) = preSolution
		Debug|Any CPU = Debug|Any CPU
		Release|Any CPU = Release|Any CPU
	EndGlobalSection
	GlobalSection(ProjectConfigurationPlatforms) = postSolution
		{C526F607-B95F-49D9-ACE8-68EEF81B126E}.Debug|Any CPU.ActiveCfg = Debug|Any CPU
		{C526F607-B95F-49D9-ACE8-68EEF81B126E}.Debug|Any CPU.Build.0 = Debug|Any CPU
		{C526F607-B95F-49D9-ACE8-68EEF81B126E}.Release|Any CPU.ActiveCfg = Release|Any CPU
		{C526F607-B95F-49D9-ACE8-68EEF81B126E}.Release|Any CPU.Build.0 = Release|Any CPU
	EndGlobalSection
	GlobalSection(SolutionProperties) = preSolution
		HideSolutionNode = FALSE
	EndGlobalSection
	GlobalSection(ExtensibilityGlobals) = postSolution
		SolutionGuid = {A54DEF0F-ED61-4163-8890-F075501491D9}
	EndGlobalSection
EndGlobal
